
Microsoft Visual Studio Solution File, Format Version 12.00
# Visual Studio 15
VisualStudioVersion = 15.0.27428.1
MinimumVisualStudioVersion = 10.0.40219.1
Project("{FAE04EC0-301F-11D3-BF4B-00C04F79EFBC}") = "Splitwise", "Splitwise\Splitwise.csproj", "{26E81A58-3349-4888-81AF-3DF27C5425BE}"
EndProject
Project("{FAE04EC0-301F-11D3-BF4B-00C04F79EFBC}") = "Splitwise.Tests", "Splitwise.Tests\Splitwise.Tests.csproj", "{A3CBD573-067C-4956-B1F5-D5623306B440}"
EndProject
Global
	GlobalSection(SolutionConfigurationPlatforms) = preSolution
		Debug|Any CPU = Debug|Any CPU
		Release|Any CPU = Release|Any CPU
	EndGlobalSection
	GlobalSection(ProjectConfigurationPlatforms) = postSolution
		{26E81A58-3349-4888-81AF-3DF27C5425BE}.Debug|Any CPU.ActiveCfg = Debug|Any CPU
		{26E81A58-3349-4888-81AF-3DF27C5425BE}.Debug|Any CPU.Build.0 = Debug|Any CPU
		{26E81A58-3349-4888-81AF-3DF27C5425BE}.Release|Any CPU.ActiveCfg = Release|Any CPU
		{26E81A58-3349-4888-81AF-3DF27C5425BE}.Release|Any CPU.Build.0 = Release|Any CPU
		{A3CBD573-067C-4956-B1F5-D5623306B440}.Debug|Any CPU.ActiveCfg = Debug|Any CPU
		{A3CBD573-067C-4956-B1F5-D5623306B440}.Debug|Any CPU.Build.0 = Debug|Any CPU
		{A3CBD573-067C-4956-B1F5-D5623306B440}.Release|Any CPU.ActiveCfg = Release|Any CPU
		{A3CBD573-067C-4956-B1F5-D5623306B440}.Release|Any CPU.Build.0 = Release|Any CPU
	EndGlobalSection
	GlobalSection(SolutionProperties) = preSolution
		HideSolutionNode = FALSE
	EndGlobalSection
	GlobalSection(ExtensibilityGlobals) = postSolution
		SolutionGuid = {2578BB1F-976A-46B9-A22B-A22E1055904A}
	EndGlobalSection
EndGlobal
